
Microsoft Visual Studio Solution File, Format Version 12.00
# Visual Studio 14
VisualStudioVersion = 14.0.25420.1
MinimumVisualStudioVersion = 10.0.40219.1
Project("{FAE04EC0-301F-11D3-BF4B-00C04F79EFBC}") = "ConsoleTpNombresArmstrong", "ConsoleTpNombresArmstrong\ConsoleTpNombresArmstrong.csproj", "{14C83E33-2A8C-4013-96E8-349332327E8C}"
EndProject
Project("{FAE04EC0-301F-11D3-BF4B-00C04F79EFBC}") = "WindowsFormsTpNombresArmstrong", "WindowsFormsTpNombresArmstrong\WindowsFormsTpNombresArmstrong.csproj", "{C1F2C3D1-807D-452B-BAF5-E317B5A79977}"
EndProject
Global
	GlobalSection(SolutionConfigurationPlatforms) = preSolution
		Debug|Any CPU = Debug|Any CPU
		Release|Any CPU = Release|Any CPU
	EndGlobalSection
	GlobalSection(ProjectConfigurationPlatforms) = postSolution
		{14C83E33-2A8C-4013-96E8-349332327E8C}.Debug|Any CPU.ActiveCfg = Debug|Any CPU
		{14C83E33-2A8C-4013-96E8-349332327E8C}.Debug|Any CPU.Build.0 = Debug|Any CPU
		{14C83E33-2A8C-4013-96E8-349332327E8C}.Release|Any CPU.ActiveCfg = Release|Any CPU
		{14C83E33-2A8C-4013-96E8-349332327E8C}.Release|Any CPU.Build.0 = Release|Any CPU
		{C1F2C3D1-807D-452B-BAF5-E317B5A79977}.Debug|Any CPU.ActiveCfg = Debug|Any CPU
		{C1F2C3D1-807D-452B-BAF5-E317B5A79977}.Debug|Any CPU.Build.0 = Debug|Any CPU
		{C1F2C3D1-807D-452B-BAF5-E317B5A79977}.Release|Any CPU.ActiveCfg = Release|Any CPU
		{C1F2C3D1-807D-452B-BAF5-E317B5A79977}.Release|Any CPU.Build.0 = Release|Any CPU
	EndGlobalSection
	GlobalSection(SolutionProperties) = preSolution
		HideSolutionNode = FALSE
	EndGlobalSection
EndGlobal
